// !$*UTF8*$!
{
	archiveVersion = 1;
	classes = {
	};
	objectVersion = 55;
	objects = {

/* Begin PBXBuildFile section */
		B662504E2872B5C000BDA0B0 /* AnimalListItemView.swift in Sources */ = {isa = PBXBuildFile; fileRef = B662504D2872B5C000BDA0B0 /* AnimalListItemView.swift */; };
		B66250502872B70600BDA0B0 /* AnimalModel.swift in Sources */ = {isa = PBXBuildFile; fileRef = B662504F2872B70600BDA0B0 /* AnimalModel.swift */; };
		B66250522872BEE000BDA0B0 /* AnimalDetailView.swift in Sources */ = {isa = PBXBuildFile; fileRef = B66250512872BEE000BDA0B0 /* AnimalDetailView.swift */; };
		B66250542872C20700BDA0B0 /* HeadingView.swift in Sources */ = {isa = PBXBuildFile; fileRef = B66250532872C20700BDA0B0 /* HeadingView.swift */; };
		B66250562872C34100BDA0B0 /* InsetGalleryView.swift in Sources */ = {isa = PBXBuildFile; fileRef = B66250552872C34100BDA0B0 /* InsetGalleryView.swift */; };
		B66250582872C97F00BDA0B0 /* InsetFactView.swift in Sources */ = {isa = PBXBuildFile; fileRef = B66250572872C97F00BDA0B0 /* InsetFactView.swift */; };
		B662505A2872CAF400BDA0B0 /* InsetMapView.swift in Sources */ = {isa = PBXBuildFile; fileRef = B66250592872CAF400BDA0B0 /* InsetMapView.swift */; };
		B662505C2872D56500BDA0B0 /* ExternalWebLinkView.swift in Sources */ = {isa = PBXBuildFile; fileRef = B662505B2872D56500BDA0B0 /* ExternalWebLinkView.swift */; };
		B662505E2872D89900BDA0B0 /* VideoModel.swift in Sources */ = {isa = PBXBuildFile; fileRef = B662505D2872D89900BDA0B0 /* VideoModel.swift */; };
		B66250602872D91200BDA0B0 /* VideoListItemView.swift in Sources */ = {isa = PBXBuildFile; fileRef = B662505F2872D91200BDA0B0 /* VideoListItemView.swift */; };
		B66250622872DDD900BDA0B0 /* VideoPlayerView.swift in Sources */ = {isa = PBXBuildFile; fileRef = B66250612872DDD900BDA0B0 /* VideoPlayerView.swift */; };
		B66250652872DEA000BDA0B0 /* VideoPlayerHelper.swift in Sources */ = {isa = PBXBuildFile; fileRef = B66250642872DEA000BDA0B0 /* VideoPlayerHelper.swift */; };
		B662506728731ECF00BDA0B0 /* LocationModel.swift in Sources */ = {isa = PBXBuildFile; fileRef = B662506628731ECF00BDA0B0 /* LocationModel.swift */; };
		B66250692873224800BDA0B0 /* MapAnnotiationView.swift in Sources */ = {isa = PBXBuildFile; fileRef = B66250682873224800BDA0B0 /* MapAnnotiationView.swift */; };
		B662506B2873263D00BDA0B0 /* MotionAnimationView.swift in Sources */ = {isa = PBXBuildFile; fileRef = B662506A2873263D00BDA0B0 /* MotionAnimationView.swift */; };
		B698A5C728727F02007BDA09 /* AfricaApp.swift in Sources */ = {isa = PBXBuildFile; fileRef = B698A5C628727F02007BDA09 /* AfricaApp.swift */; };
		B698A5C928727F02007BDA09 /* ContentView.swift in Sources */ = {isa = PBXBuildFile; fileRef = B698A5C828727F02007BDA09 /* ContentView.swift */; };
		B698A5CB28727F03007BDA09 /* Assets.xcassets in Resources */ = {isa = PBXBuildFile; fileRef = B698A5CA28727F03007BDA09 /* Assets.xcassets */; };
		B698A5CE28727F03007BDA09 /* Preview Assets.xcassets in Resources */ = {isa = PBXBuildFile; fileRef = B698A5CD28727F03007BDA09 /* Preview Assets.xcassets */; };
		B698A5DF28729F65007BDA09 /* gorilla.mp4 in Resources */ = {isa = PBXBuildFile; fileRef = B698A5D528729F64007BDA09 /* gorilla.mp4 */; };
		B698A5E028729F65007BDA09 /* lion.mp4 in Resources */ = {isa = PBXBuildFile; fileRef = B698A5D628729F64007BDA09 /* lion.mp4 */; };
		B698A5E128729F65007BDA09 /* rhino.mp4 in Resources */ = {isa = PBXBuildFile; fileRef = B698A5D728729F64007BDA09 /* rhino.mp4 */; };
		B698A5E228729F65007BDA09 /* lioness.mp4 in Resources */ = {isa = PBXBuildFile; fileRef = B698A5D828729F64007BDA09 /* lioness.mp4 */; };
		B698A5E328729F65007BDA09 /* ostrich.mp4 in Resources */ = {isa = PBXBuildFile; fileRef = B698A5D928729F64007BDA09 /* ostrich.mp4 */; };
		B698A5E428729F65007BDA09 /* zebra.mp4 in Resources */ = {isa = PBXBuildFile; fileRef = B698A5DA28729F65007BDA09 /* zebra.mp4 */; };
		B698A5E528729F65007BDA09 /* giraffe.mp4 in Resources */ = {isa = PBXBuildFile; fileRef = B698A5DB28729F65007BDA09 /* giraffe.mp4 */; };
		B698A5E628729F65007BDA09 /* elephant.mp4 in Resources */ = {isa = PBXBuildFile; fileRef = B698A5DC28729F65007BDA09 /* elephant.mp4 */; };
		B698A5E728729F65007BDA09 /* cheetah.mp4 in Resources */ = {isa = PBXBuildFile; fileRef = B698A5DD28729F65007BDA09 /* cheetah.mp4 */; };
		B698A5E828729F65007BDA09 /* hippo.mp4 in Resources */ = {isa = PBXBuildFile; fileRef = B698A5DE28729F65007BDA09 /* hippo.mp4 */; };
		B698A5EE28729FBE007BDA09 /* animals.json in Resources */ = {isa = PBXBuildFile; fileRef = B698A5EA28729FBE007BDA09 /* animals.json */; };
		B698A5EF28729FBE007BDA09 /* covers.json in Resources */ = {isa = PBXBuildFile; fileRef = B698A5EB28729FBE007BDA09 /* covers.json */; };
		B698A5F028729FBE007BDA09 /* videos.json in Resources */ = {isa = PBXBuildFile; fileRef = B698A5EC28729FBE007BDA09 /* videos.json */; };
		B698A5F128729FBE007BDA09 /* locations.json in Resources */ = {isa = PBXBuildFile; fileRef = B698A5ED28729FBE007BDA09 /* locations.json */; };
		B698A5F52872A5ED007BDA09 /* VideoListView.swift in Sources */ = {isa = PBXBuildFile; fileRef = B698A5F42872A5ED007BDA09 /* VideoListView.swift */; };
		B698A5F72872A60F007BDA09 /* MapView.swift in Sources */ = {isa = PBXBuildFile; fileRef = B698A5F62872A60F007BDA09 /* MapView.swift */; };
		B698A5F92872A623007BDA09 /* GalleryView.swift in Sources */ = {isa = PBXBuildFile; fileRef = B698A5F82872A623007BDA09 /* GalleryView.swift */; };
		B698A5FB2872A635007BDA09 /* MainView.swift in Sources */ = {isa = PBXBuildFile; fileRef = B698A5FA2872A635007BDA09 /* MainView.swift */; };
		B698A5FE2872A791007BDA09 /* CoverImageView.swift in Sources */ = {isa = PBXBuildFile; fileRef = B698A5FD2872A791007BDA09 /* CoverImageView.swift */; };
		B698A6012872A966007BDA09 /* CoverImageModel.swift in Sources */ = {isa = PBXBuildFile; fileRef = B698A6002872A966007BDA09 /* CoverImageModel.swift */; };
		B698A6042872AA35007BDA09 /* CodableBundleExtension.swift in Sources */ = {isa = PBXBuildFile; fileRef = B698A6032872AA35007BDA09 /* CodableBundleExtension.swift */; };
/* End PBXBuildFile section */

/* Begin PBXFileReference section */
		B662504D2872B5C000BDA0B0 /* AnimalListItemView.swift */ = {isa = PBXFileReference; lastKnownFileType = sourcecode.swift; path = AnimalListItemView.swift; sourceTree = "<group>"; };
		B662504F2872B70600BDA0B0 /* AnimalModel.swift */ = {isa = PBXFileReference; lastKnownFileType = sourcecode.swift; path = AnimalModel.swift; sourceTree = "<group>"; };
		B66250512872BEE000BDA0B0 /* AnimalDetailView.swift */ = {isa = PBXFileReference; lastKnownFileType = sourcecode.swift; path = AnimalDetailView.swift; sourceTree = "<group>"; };
		B66250532872C20700BDA0B0 /* HeadingView.swift */ = {isa = PBXFileReference; lastKnownFileType = sourcecode.swift; path = HeadingView.swift; sourceTree = "<group>"; };
		B66250552872C34100BDA0B0 /* InsetGalleryView.swift */ = {isa = PBXFileReference; lastKnownFileType = sourcecode.swift; path = InsetGalleryView.swift; sourceTree = "<group>"; };
		B66250572872C97F00BDA0B0 /* InsetFactView.swift */ = {isa = PBXFileReference; lastKnownFileType = sourcecode.swift; path = InsetFactView.swift; sourceTree = "<group>"; };
		B66250592872CAF400BDA0B0 /* InsetMapView.swift */ = {isa = PBXFileReference; lastKnownFileType = sourcecode.swift; path = InsetMapView.swift; sourceTree = "<group>"; };
		B662505B2872D56500BDA0B0 /* ExternalWebLinkView.swift */ = {isa = PBXFileReference; lastKnownFileType = sourcecode.swift; path = ExternalWebLinkView.swift; sourceTree = "<group>"; };
		B662505D2872D89900BDA0B0 /* VideoModel.swift */ = {isa = PBXFileReference; lastKnownFileType = sourcecode.swift; path = VideoModel.swift; sourceTree = "<group>"; };
		B662505F2872D91200BDA0B0 /* VideoListItemView.swift */ = {isa = PBXFileReference; lastKnownFileType = sourcecode.swift; path = VideoListItemView.swift; sourceTree = "<group>"; };
		B66250612872DDD900BDA0B0 /* VideoPlayerView.swift */ = {isa = PBXFileReference; lastKnownFileType = sourcecode.swift; path = VideoPlayerView.swift; sourceTree = "<group>"; };
		B66250642872DEA000BDA0B0 /* VideoPlayerHelper.swift */ = {isa = PBXFileReference; lastKnownFileType = sourcecode.swift; path = VideoPlayerHelper.swift; sourceTree = "<group>"; };
		B662506628731ECF00BDA0B0 /* LocationModel.swift */ = {isa = PBXFileReference; lastKnownFileType = sourcecode.swift; path = LocationModel.swift; sourceTree = "<group>"; };
		B66250682873224800BDA0B0 /* MapAnnotiationView.swift */ = {isa = PBXFileReference; lastKnownFileType = sourcecode.swift; path = MapAnnotiationView.swift; sourceTree = "<group>"; };
		B662506A2873263D00BDA0B0 /* MotionAnimationView.swift */ = {isa = PBXFileReference; lastKnownFileType = sourcecode.swift; path = MotionAnimationView.swift; sourceTree = "<group>"; };
		B698A5C328727F02007BDA09 /* Africa.app */ = {isa = PBXFileReference; explicitFileType = wrapper.application; includeInIndex = 0; path = Africa.app; sourceTree = BUILT_PRODUCTS_DIR; };
		B698A5C628727F02007BDA09 /* AfricaApp.swift */ = {isa = PBXFileReference; lastKnownFileType = sourcecode.swift; path = AfricaApp.swift; sourceTree = "<group>"; };
		B698A5C828727F02007BDA09 /* ContentView.swift */ = {isa = PBXFileReference; lastKnownFileType = sourcecode.swift; path = ContentView.swift; sourceTree = "<group>"; };
		B698A5CA28727F03007BDA09 /* Assets.xcassets */ = {isa = PBXFileReference; lastKnownFileType = folder.assetcatalog; path = Assets.xcassets; sourceTree = "<group>"; };
		B698A5CD28727F03007BDA09 /* Preview Assets.xcassets */ = {isa = PBXFileReference; lastKnownFileType = folder.assetcatalog; path = "Preview Assets.xcassets"; sourceTree = "<group>"; };
		B698A5D528729F64007BDA09 /* gorilla.mp4 */ = {isa = PBXFileReference; lastKnownFileType = file; path = gorilla.mp4; sourceTree = "<group>"; };
		B698A5D628729F64007BDA09 /* lion.mp4 */ = {isa = PBXFileReference; lastKnownFileType = file; path = lion.mp4; sourceTree = "<group>"; };
		B698A5D728729F64007BDA09 /* rhino.mp4 */ = {isa = PBXFileReference; lastKnownFileType = file; path = rhino.mp4; sourceTree = "<group>"; };
		B698A5D828729F64007BDA09 /* lioness.mp4 */ = {isa = PBXFileReference; lastKnownFileType = file; path = lioness.mp4; sourceTree = "<group>"; };
		B698A5D928729F64007BDA09 /* ostrich.mp4 */ = {isa = PBXFileReference; lastKnownFileType = file; path = ostrich.mp4; sourceTree = "<group>"; };
		B698A5DA28729F65007BDA09 /* zebra.mp4 */ = {isa = PBXFileReference; lastKnownFileType = file; path = zebra.mp4; sourceTree = "<group>"; };
		B698A5DB28729F65007BDA09 /* giraffe.mp4 */ = {isa = PBXFileReference; lastKnownFileType = file; path = giraffe.mp4; sourceTree = "<group>"; };
		B698A5DC28729F65007BDA09 /* elephant.mp4 */ = {isa = PBXFileReference; lastKnownFileType = file; path = elephant.mp4; sourceTree = "<group>"; };
		B698A5DD28729F65007BDA09 /* cheetah.mp4 */ = {isa = PBXFileReference; lastKnownFileType = file; path = cheetah.mp4; sourceTree = "<group>"; };
		B698A5DE28729F65007BDA09 /* hippo.mp4 */ = {isa = PBXFileReference; lastKnownFileType = file; path = hippo.mp4; sourceTree = "<group>"; };
		B698A5EA28729FBE007BDA09 /* animals.json */ = {isa = PBXFileReference; fileEncoding = 4; lastKnownFileType = text.json; path = animals.json; sourceTree = "<group>"; };
		B698A5EB28729FBE007BDA09 /* covers.json */ = {isa = PBXFileReference; fileEncoding = 4; lastKnownFileType = text.json; path = covers.json; sourceTree = "<group>"; };
		B698A5EC28729FBE007BDA09 /* videos.json */ = {isa = PBXFileReference; fileEncoding = 4; lastKnownFileType = text.json; path = videos.json; sourceTree = "<group>"; };
		B698A5ED28729FBE007BDA09 /* locations.json */ = {isa = PBXFileReference; fileEncoding = 4; lastKnownFileType = text.json; path = locations.json; sourceTree = "<group>"; };
		B698A5F22872A55F007BDA09 /* Info.plist */ = {isa = PBXFileReference; lastKnownFileType = text.plist; path = Info.plist; sourceTree = "<group>"; };
		B698A5F42872A5ED007BDA09 /* VideoListView.swift */ = {isa = PBXFileReference; lastKnownFileType = sourcecode.swift; path = VideoListView.swift; sourceTree = "<group>"; };
		B698A5F62872A60F007BDA09 /* MapView.swift */ = {isa = PBXFileReference; lastKnownFileType = sourcecode.swift; path = MapView.swift; sourceTree = "<group>"; };
		B698A5F82872A623007BDA09 /* GalleryView.swift */ = {isa = PBXFileReference; lastKnownFileType = sourcecode.swift; path = GalleryView.swift; sourceTree = "<group>"; };
		B698A5FA2872A635007BDA09 /* MainView.swift */ = {isa = PBXFileReference; lastKnownFileType = sourcecode.swift; path = MainView.swift; sourceTree = "<group>"; };
		B698A5FD2872A791007BDA09 /* CoverImageView.swift */ = {isa = PBXFileReference; lastKnownFileType = sourcecode.swift; path = CoverImageView.swift; sourceTree = "<group>"; };
		B698A6002872A966007BDA09 /* CoverImageModel.swift */ = {isa = PBXFileReference; lastKnownFileType = sourcecode.swift; path = CoverImageModel.swift; sourceTree = "<group>"; };
		B698A6032872AA35007BDA09 /* CodableBundleExtension.swift */ = {isa = PBXFileReference; lastKnownFileType = sourcecode.swift; path = CodableBundleExtension.swift; sourceTree = "<group>"; };
/* End PBXFileReference section */

/* Begin PBXFrameworksBuildPhase section */
		B698A5C028727F02007BDA09 /* Frameworks */ = {
			isa = PBXFrameworksBuildPhase;
			buildActionMask = 2147483647;
			files = (
			);
			runOnlyForDeploymentPostprocessing = 0;
		};
/* End PBXFrameworksBuildPhase section */

/* Begin PBXGroup section */
		B66250632872DE8000BDA0B0 /* Utilities */ = {
			isa = PBXGroup;
			children = (
				B66250642872DEA000BDA0B0 /* VideoPlayerHelper.swift */,
			);
			path = Utilities;
			sourceTree = "<group>";
		};
		B698A5BA28727F02007BDA09 = {
			isa = PBXGroup;
			children = (
				B698A5C528727F02007BDA09 /* Africa */,
				B698A5C428727F02007BDA09 /* Products */,
			);
			sourceTree = "<group>";
		};
		B698A5C428727F02007BDA09 /* Products */ = {
			isa = PBXGroup;
			children = (
				B698A5C328727F02007BDA09 /* Africa.app */,
			);
			name = Products;
			sourceTree = "<group>";
		};
		B698A5C528727F02007BDA09 /* Africa */ = {
			isa = PBXGroup;
			children = (
				B66250632872DE8000BDA0B0 /* Utilities */,
				B698A6022872AA1F007BDA09 /* Extension */,
				B698A5FF2872A954007BDA09 /* Model */,
				B698A5FC2872A780007BDA09 /* View */,
				B698A5F22872A55F007BDA09 /* Info.plist */,
				B698A5E928729F8F007BDA09 /* Data */,
				B698A5D428729F3F007BDA09 /* Video */,
				B698A5F32872A5C0007BDA09 /* App */,
				B698A5CA28727F03007BDA09 /* Assets.xcassets */,
				B698A5CC28727F03007BDA09 /* Preview Content */,
			);
			path = Africa;
			sourceTree = "<group>";
		};
		B698A5CC28727F03007BDA09 /* Preview Content */ = {
			isa = PBXGroup;
			children = (
				B698A5CD28727F03007BDA09 /* Preview Assets.xcassets */,
			);
			path = "Preview Content";
			sourceTree = "<group>";
		};
		B698A5D428729F3F007BDA09 /* Video */ = {
			isa = PBXGroup;
			children = (
				B698A5DD28729F65007BDA09 /* cheetah.mp4 */,
				B698A5DC28729F65007BDA09 /* elephant.mp4 */,
				B698A5DB28729F65007BDA09 /* giraffe.mp4 */,
				B698A5D528729F64007BDA09 /* gorilla.mp4 */,
				B698A5DE28729F65007BDA09 /* hippo.mp4 */,
				B698A5D628729F64007BDA09 /* lion.mp4 */,
				B698A5D828729F64007BDA09 /* lioness.mp4 */,
				B698A5D928729F64007BDA09 /* ostrich.mp4 */,
				B698A5D728729F64007BDA09 /* rhino.mp4 */,
				B698A5DA28729F65007BDA09 /* zebra.mp4 */,
			);
			path = Video;
			sourceTree = "<group>";
		};
		B698A5E928729F8F007BDA09 /* Data */ = {
			isa = PBXGroup;
			children = (
				B698A5EA28729FBE007BDA09 /* animals.json */,
				B698A5EB28729FBE007BDA09 /* covers.json */,
				B698A5ED28729FBE007BDA09 /* locations.json */,
				B698A5EC28729FBE007BDA09 /* videos.json */,
			);
			path = Data;
			sourceTree = "<group>";
		};
		B698A5F32872A5C0007BDA09 /* App */ = {
			isa = PBXGroup;
			children = (
				B698A5C628727F02007BDA09 /* AfricaApp.swift */,
				B698A5C828727F02007BDA09 /* ContentView.swift */,
				B698A5F42872A5ED007BDA09 /* VideoListView.swift */,
				B698A5F62872A60F007BDA09 /* MapView.swift */,
				B698A5F82872A623007BDA09 /* GalleryView.swift */,
				B698A5FA2872A635007BDA09 /* MainView.swift */,
			);
			path = App;
			sourceTree = "<group>";
		};
		B698A5FC2872A780007BDA09 /* View */ = {
			isa = PBXGroup;
			children = (
				B698A5FD2872A791007BDA09 /* CoverImageView.swift */,
				B662504D2872B5C000BDA0B0 /* AnimalListItemView.swift */,
				B66250512872BEE000BDA0B0 /* AnimalDetailView.swift */,
				B66250532872C20700BDA0B0 /* HeadingView.swift */,
				B66250552872C34100BDA0B0 /* InsetGalleryView.swift */,
				B66250572872C97F00BDA0B0 /* InsetFactView.swift */,
				B66250592872CAF400BDA0B0 /* InsetMapView.swift */,
				B662505B2872D56500BDA0B0 /* ExternalWebLinkView.swift */,
				B662505F2872D91200BDA0B0 /* VideoListItemView.swift */,
				B66250612872DDD900BDA0B0 /* VideoPlayerView.swift */,
				B66250682873224800BDA0B0 /* MapAnnotiationView.swift */,
				B662506A2873263D00BDA0B0 /* MotionAnimationView.swift */,
			);
			path = View;
			sourceTree = "<group>";
		};
		B698A5FF2872A954007BDA09 /* Model */ = {
			isa = PBXGroup;
			children = (
				B698A6002872A966007BDA09 /* CoverImageModel.swift */,
				B662504F2872B70600BDA0B0 /* AnimalModel.swift */,
				B662505D2872D89900BDA0B0 /* VideoModel.swift */,
				B662506628731ECF00BDA0B0 /* LocationModel.swift */,
			);
			path = Model;
			sourceTree = "<group>";
		};
		B698A6022872AA1F007BDA09 /* Extension */ = {
			isa = PBXGroup;
			children = (
				B698A6032872AA35007BDA09 /* CodableBundleExtension.swift */,
			);
			path = Extension;
			sourceTree = "<group>";
		};
/* End PBXGroup section */

/* Begin PBXNativeTarget section */
		B698A5C228727F02007BDA09 /* Africa */ = {
			isa = PBXNativeTarget;
			buildConfigurationList = B698A5D128727F03007BDA09 /* Build configuration list for PBXNativeTarget "Africa" */;
			buildPhases = (
				B698A5BF28727F02007BDA09 /* Sources */,
				B698A5C028727F02007BDA09 /* Frameworks */,
				B698A5C128727F02007BDA09 /* Resources */,
			);
			buildRules = (
			);
			dependencies = (
			);
			name = Africa;
			productName = Africa;
			productReference = B698A5C328727F02007BDA09 /* Africa.app */;
			productType = "com.apple.product-type.application";
		};
/* End PBXNativeTarget section */

/* Begin PBXProject section */
		B698A5BB28727F02007BDA09 /* Project object */ = {
			isa = PBXProject;
			attributes = {
				BuildIndependentTargetsInParallel = 1;
				LastSwiftUpdateCheck = 1340;
				LastUpgradeCheck = 1340;
				TargetAttributes = {
					B698A5C228727F02007BDA09 = {
						CreatedOnToolsVersion = 13.4.1;
					};
				};
			};
			buildConfigurationList = B698A5BE28727F02007BDA09 /* Build configuration list for PBXProject "Africa" */;
			compatibilityVersion = "Xcode 13.0";
			developmentRegion = en;
			hasScannedForEncodings = 0;
			knownRegions = (
				en,
				Base,
			);
			mainGroup = B698A5BA28727F02007BDA09;
			productRefGroup = B698A5C428727F02007BDA09 /* Products */;
			projectDirPath = "";
			projectRoot = "";
			targets = (
				B698A5C228727F02007BDA09 /* Africa */,
			);
		};
/* End PBXProject section */

/* Begin PBXResourcesBuildPhase section */
		B698A5C128727F02007BDA09 /* Resources */ = {
			isa = PBXResourcesBuildPhase;
			buildActionMask = 2147483647;
			files = (
				B698A5CE28727F03007BDA09 /* Preview Assets.xcassets in Resources */,
				B698A5E328729F65007BDA09 /* ostrich.mp4 in Resources */,
				B698A5F128729FBE007BDA09 /* locations.json in Resources */,
				B698A5F028729FBE007BDA09 /* videos.json in Resources */,
				B698A5E028729F65007BDA09 /* lion.mp4 in Resources */,
				B698A5DF28729F65007BDA09 /* gorilla.mp4 in Resources */,
				B698A5E828729F65007BDA09 /* hippo.mp4 in Resources */,
				B698A5E428729F65007BDA09 /* zebra.mp4 in Resources */,
				B698A5E128729F65007BDA09 /* rhino.mp4 in Resources */,
				B698A5EF28729FBE007BDA09 /* covers.json in Resources */,
				B698A5EE28729FBE007BDA09 /* animals.json in Resources */,
				B698A5CB28727F03007BDA09 /* Assets.xcassets in Resources */,
				B698A5E228729F65007BDA09 /* lioness.mp4 in Resources */,
				B698A5E628729F65007BDA09 /* elephant.mp4 in Resources */,
				B698A5E528729F65007BDA09 /* giraffe.mp4 in Resources */,
				B698A5E728729F65007BDA09 /* cheetah.mp4 in Resources */,
			);
			runOnlyForDeploymentPostprocessing = 0;
		};
/* End PBXResourcesBuildPhase section */

/* Begin PBXSourcesBuildPhase section */
		B698A5BF28727F02007BDA09 /* Sources */ = {
			isa = PBXSourcesBuildPhase;
			buildActionMask = 2147483647;
			files = (
				B66250692873224800BDA0B0 /* MapAnnotiationView.swift in Sources */,
				B698A5C928727F02007BDA09 /* ContentView.swift in Sources */,
				B662504E2872B5C000BDA0B0 /* AnimalListItemView.swift in Sources */,
				B698A5FB2872A635007BDA09 /* MainView.swift in Sources */,
				B66250582872C97F00BDA0B0 /* InsetFactView.swift in Sources */,
				B698A5FE2872A791007BDA09 /* CoverImageView.swift in Sources */,
				B698A6012872A966007BDA09 /* CoverImageModel.swift in Sources */,
				B66250522872BEE000BDA0B0 /* AnimalDetailView.swift in Sources */,
				B66250502872B70600BDA0B0 /* AnimalModel.swift in Sources */,
				B698A5F72872A60F007BDA09 /* MapView.swift in Sources */,
				B662505A2872CAF400BDA0B0 /* InsetMapView.swift in Sources */,
				B66250652872DEA000BDA0B0 /* VideoPlayerHelper.swift in Sources */,
				B698A5C728727F02007BDA09 /* AfricaApp.swift in Sources */,
				B662505C2872D56500BDA0B0 /* ExternalWebLinkView.swift in Sources */,
				B698A5F52872A5ED007BDA09 /* VideoListView.swift in Sources */,
				B662505E2872D89900BDA0B0 /* VideoModel.swift in Sources */,
				B698A5F92872A623007BDA09 /* GalleryView.swift in Sources */,
				B662506728731ECF00BDA0B0 /* LocationModel.swift in Sources */,
				B66250562872C34100BDA0B0 /* InsetGalleryView.swift in Sources */,
				B66250602872D91200BDA0B0 /* VideoListItemView.swift in Sources */,
				B698A6042872AA35007BDA09 /* CodableBundleExtension.swift in Sources */,
				B662506B2873263D00BDA0B0 /* MotionAnimationView.swift in Sources */,
				B66250542872C20700BDA0B0 /* HeadingView.swift in Sources */,
				B66250622872DDD900BDA0B0 /* VideoPlayerView.swift in Sources */,
			);
			runOnlyForDeploymentPostprocessing = 0;
		};
/* End PBXSourcesBuildPhase section */

/* Begin XCBuildConfiguration section */
		B698A5CF28727F03007BDA09 /* Debug */ = {
			isa = XCBuildConfiguration;
			buildSettings = {
				ALWAYS_SEARCH_USER_PATHS = NO;
				CLANG_ANALYZER_NONNULL = YES;
				CLANG_ANALYZER_NUMBER_OBJECT_CONVERSION = YES_AGGRESSIVE;
				CLANG_CXX_LANGUAGE_STANDARD = "gnu++17";
				CLANG_ENABLE_MODULES = YES;
				CLANG_ENABLE_OBJC_ARC = YES;
				CLANG_ENABLE_OBJC_WEAK = YES;
				CLANG_WARN_BLOCK_CAPTURE_AUTORELEASING = YES;
				CLANG_WARN_BOOL_CONVERSION = YES;
				CLANG_WARN_COMMA = YES;
				CLANG_WARN_CONSTANT_CONVERSION = YES;
				CLANG_WARN_DEPRECATED_OBJC_IMPLEMENTATIONS = YES;
				CLANG_WARN_DIRECT_OBJC_ISA_USAGE = YES_ERROR;
				CLANG_WARN_DOCUMENTATION_COMMENTS = YES;
				CLANG_WARN_EMPTY_BODY = YES;
				CLANG_WARN_ENUM_CONVERSION = YES;
				CLANG_WARN_INFINITE_RECURSION = YES;
				CLANG_WARN_INT_CONVERSION = YES;
				CLANG_WARN_NON_LITERAL_NULL_CONVERSION = YES;
				CLANG_WARN_OBJC_IMPLICIT_RETAIN_SELF = YES;
				CLANG_WARN_OBJC_LITERAL_CONVERSION = YES;
				CLANG_WARN_OBJC_ROOT_CLASS = YES_ERROR;
				CLANG_WARN_QUOTED_INCLUDE_IN_FRAMEWORK_HEADER = YES;
				CLANG_WARN_RANGE_LOOP_ANALYSIS = YES;
				CLANG_WARN_STRICT_PROTOTYPES = YES;
				CLANG_WARN_SUSPICIOUS_MOVE = YES;
				CLANG_WARN_UNGUARDED_AVAILABILITY = YES_AGGRESSIVE;
				CLANG_WARN_UNREACHABLE_CODE = YES;
				CLANG_WARN__DUPLICATE_METHOD_MATCH = YES;
				COPY_PHASE_STRIP = NO;
				DEBUG_INFORMATION_FORMAT = dwarf;
				ENABLE_STRICT_OBJC_MSGSEND = YES;
				ENABLE_TESTABILITY = YES;
				GCC_C_LANGUAGE_STANDARD = gnu11;
				GCC_DYNAMIC_NO_PIC = NO;
				GCC_NO_COMMON_BLOCKS = YES;
				GCC_OPTIMIZATION_LEVEL = 0;
				GCC_PREPROCESSOR_DEFINITIONS = (
					"DEBUG=1",
					"$(inherited)",
				);
				GCC_WARN_64_TO_32_BIT_CONVERSION = YES;
				GCC_WARN_ABOUT_RETURN_TYPE = YES_ERROR;
				GCC_WARN_UNDECLARED_SELECTOR = YES;
				GCC_WARN_UNINITIALIZED_AUTOS = YES_AGGRESSIVE;
				GCC_WARN_UNUSED_FUNCTION = YES;
				GCC_WARN_UNUSED_VARIABLE = YES;
				IPHONEOS_DEPLOYMENT_TARGET = 15.5;
				MTL_ENABLE_DEBUG_INFO = INCLUDE_SOURCE;
				MTL_FAST_MATH = YES;
				ONLY_ACTIVE_ARCH = YES;
				SDKROOT = iphoneos;
				SWIFT_ACTIVE_COMPILATION_CONDITIONS = DEBUG;
				SWIFT_OPTIMIZATION_LEVEL = "-Onone";
			};
			name = Debug;
		};
		B698A5D028727F03007BDA09 /* Release */ = {
			isa = XCBuildConfiguration;
			buildSettings = {
				ALWAYS_SEARCH_USER_PATHS = NO;
				CLANG_ANALYZER_NONNULL = YES;
				CLANG_ANALYZER_NUMBER_OBJECT_CONVERSION = YES_AGGRESSIVE;
				CLANG_CXX_LANGUAGE_STANDARD = "gnu++17";
				CLANG_ENABLE_MODULES = YES;
				CLANG_ENABLE_OBJC_ARC = YES;
				CLANG_ENABLE_OBJC_WEAK = YES;
				CLANG_WARN_BLOCK_CAPTURE_AUTORELEASING = YES;
				CLANG_WARN_BOOL_CONVERSION = YES;
				CLANG_WARN_COMMA = YES;
				CLANG_WARN_CONSTANT_CONVERSION = YES;
				CLANG_WARN_DEPRECATED_OBJC_IMPLEMENTATIONS = YES;
				CLANG_WARN_DIRECT_OBJC_ISA_USAGE = YES_ERROR;
				CLANG_WARN_DOCUMENTATION_COMMENTS = YES;
				CLANG_WARN_EMPTY_BODY = YES;
				CLANG_WARN_ENUM_CONVERSION = YES;
				CLANG_WARN_INFINITE_RECURSION = YES;
				CLANG_WARN_INT_CONVERSION = YES;
				CLANG_WARN_NON_LITERAL_NULL_CONVERSION = YES;
				CLANG_WARN_OBJC_IMPLICIT_RETAIN_SELF = YES;
				CLANG_WARN_OBJC_LITERAL_CONVERSION = YES;
				CLANG_WARN_OBJC_ROOT_CLASS = YES_ERROR;
				CLANG_WARN_QUOTED_INCLUDE_IN_FRAMEWORK_HEADER = YES;
				CLANG_WARN_RANGE_LOOP_ANALYSIS = YES;
				CLANG_WARN_STRICT_PROTOTYPES = YES;
				CLANG_WARN_SUSPICIOUS_MOVE = YES;
				CLANG_WARN_UNGUARDED_AVAILABILITY = YES_AGGRESSIVE;
				CLANG_WARN_UNREACHABLE_CODE = YES;
				CLANG_WARN__DUPLICATE_METHOD_MATCH = YES;
				COPY_PHASE_STRIP = NO;
				DEBUG_INFORMATION_FORMAT = "dwarf-with-dsym";
				ENABLE_NS_ASSERTIONS = NO;
				ENABLE_STRICT_OBJC_MSGSEND = YES;
				GCC_C_LANGUAGE_STANDARD = gnu11;
				GCC_NO_COMMON_BLOCKS = YES;
				GCC_WARN_64_TO_32_BIT_CONVERSION = YES;
				GCC_WARN_ABOUT_RETURN_TYPE = YES_ERROR;
				GCC_WARN_UNDECLARED_SELECTOR = YES;
				GCC_WARN_UNINITIALIZED_AUTOS = YES_AGGRESSIVE;
				GCC_WARN_UNUSED_FUNCTION = YES;
				GCC_WARN_UNUSED_VARIABLE = YES;
				IPHONEOS_DEPLOYMENT_TARGET = 15.5;
				MTL_ENABLE_DEBUG_INFO = NO;
				MTL_FAST_MATH = YES;
				SDKROOT = iphoneos;
				SWIFT_COMPILATION_MODE = wholemodule;
				SWIFT_OPTIMIZATION_LEVEL = "-O";
				VALIDATE_PRODUCT = YES;
			};
			name = Release;
		};
		B698A5D228727F03007BDA09 /* Debug */ = {
			isa = XCBuildConfiguration;
			buildSettings = {
				ASSETCATALOG_COMPILER_APPICON_NAME = AppIcon;
				ASSETCATALOG_COMPILER_GLOBAL_ACCENT_COLOR_NAME = AccentColor;
				CODE_SIGN_STYLE = Automatic;
				CURRENT_PROJECT_VERSION = 1;
				DEVELOPMENT_ASSET_PATHS = "\"Africa/Preview Content\"";
				DEVELOPMENT_TEAM = 9P49DMB5R9;
				ENABLE_PREVIEWS = YES;
				GENERATE_INFOPLIST_FILE = YES;
				INFOPLIST_FILE = Africa/Info.plist;
				INFOPLIST_KEY_UIApplicationSceneManifest_Generation = YES;
				INFOPLIST_KEY_UIApplicationSupportsIndirectInputEvents = YES;
				INFOPLIST_KEY_UISupportedInterfaceOrientations_iPad = "UIInterfaceOrientationPortrait UIInterfaceOrientationPortraitUpsideDown UIInterfaceOrientationLandscapeLeft UIInterfaceOrientationLandscapeRight";
				INFOPLIST_KEY_UISupportedInterfaceOrientations_iPhone = "UIInterfaceOrientationPortrait UIInterfaceOrientationLandscapeLeft UIInterfaceOrientationLandscapeRight";
				INFOPLIST_KEY_UIUserInterfaceStyle = Dark;
				LD_RUNPATH_SEARCH_PATHS = (
					"$(inherited)",
					"@executable_path/Frameworks",
				);
				MARKETING_VERSION = 1.0;
				PRODUCT_BUNDLE_IDENTIFIER = com.jmb.Africa;
				PRODUCT_NAME = "$(TARGET_NAME)";
				SWIFT_EMIT_LOC_STRINGS = YES;
				SWIFT_VERSION = 5.0;
				TARGETED_DEVICE_FAMILY = "1,2";
			};
			name = Debug;
		};
		B698A5D328727F03007BDA09 /* Release */ = {
			isa = XCBuildConfiguration;
			buildSettings = {
				ASSETCATALOG_COMPILER_APPICON_NAME = AppIcon;
				ASSETCATALOG_COMPILER_GLOBAL_ACCENT_COLOR_NAME = AccentColor;
				CODE_SIGN_STYLE = Automatic;
				CURRENT_PROJECT_VERSION = 1;
				DEVELOPMENT_ASSET_PATHS = "\"Africa/Preview Content\"";
				DEVELOPMENT_TEAM = 9P49DMB5R9;
				ENABLE_PREVIEWS = YES;
				GENERATE_INFOPLIST_FILE = YES;
				INFOPLIST_FILE = Africa/Info.plist;
				INFOPLIST_KEY_UIApplicationSceneManifest_Generation = YES;
				INFOPLIST_KEY_UIApplicationSupportsIndirectInputEvents = YES;
				INFOPLIST_KEY_UISupportedInterfaceOrientations_iPad = "UIInterfaceOrientationPortrait UIInterfaceOrientationPortraitUpsideDown UIInterfaceOrientationLandscapeLeft UIInterfaceOrientationLandscapeRight";
				INFOPLIST_KEY_UISupportedInterfaceOrientations_iPhone = "UIInterfaceOrientationPortrait UIInterfaceOrientationLandscapeLeft UIInterfaceOrientationLandscapeRight";
				INFOPLIST_KEY_UIUserInterfaceStyle = Dark;
				LD_RUNPATH_SEARCH_PATHS = (
					"$(inherited)",
					"@executable_path/Frameworks",
				);
				MARKETING_VERSION = 1.0;
				PRODUCT_BUNDLE_IDENTIFIER = com.jmb.Africa;
				PRODUCT_NAME = "$(TARGET_NAME)";
				SWIFT_EMIT_LOC_STRINGS = YES;
				SWIFT_VERSION = 5.0;
				TARGETED_DEVICE_FAMILY = "1,2";
			};
			name = Release;
		};
/* End XCBuildConfiguration section */

/* Begin XCConfigurationList section */
		B698A5BE28727F02007BDA09 /* Build configuration list for PBXProject "Africa" */ = {
			isa = XCConfigurationList;
			buildConfigurations = (
				B698A5CF28727F03007BDA09 /* Debug */,
				B698A5D028727F03007BDA09 /* Release */,
			);
			defaultConfigurationIsVisible = 0;
			defaultConfigurationName = Release;
		};
		B698A5D128727F03007BDA09 /* Build configuration list for PBXNativeTarget "Africa" */ = {
			isa = XCConfigurationList;
			buildConfigurations = (
				B698A5D228727F03007BDA09 /* Debug */,
				B698A5D328727F03007BDA09 /* Release */,
			);
			defaultConfigurationIsVisible = 0;
			defaultConfigurationName = Release;
		};
/* End XCConfigurationList section */
	};
	rootObject = B698A5BB28727F02007BDA09 /* Project object */;
}
